// !$*UTF8*$!
{
	archiveVersion = 1;
	classes = {
	};
	objectVersion = 46;
	objects = {

/* Begin PBXBuildFile section */
		1FB336A013D202A8008F6E6B /* UIKit.framework in Frameworks */ = {isa = PBXBuildFile; fileRef = 1FB3369F13D202A8008F6E6B /* UIKit.framework */; };
		1FB336A213D202A8008F6E6B /* Foundation.framework in Frameworks */ = {isa = PBXBuildFile; fileRef = 1FB336A113D202A8008F6E6B /* Foundation.framework */; };
		1FB336A413D202A8008F6E6B /* CoreGraphics.framework in Frameworks */ = {isa = PBXBuildFile; fileRef = 1FB336A313D202A8008F6E6B /* CoreGraphics.framework */; };
		1FB336AA13D202A8008F6E6B /* InfoPlist.strings in Resources */ = {isa = PBXBuildFile; fileRef = 1FB336A813D202A8008F6E6B /* InfoPlist.strings */; };
		1FB336AD13D202A8008F6E6B /* main.m in Sources */ = {isa = PBXBuildFile; fileRef = 1FB336AC13D202A8008F6E6B /* main.m */; };
		1FB336B013D202A8008F6E6B /* octochefAppDelegate.m in Sources */ = {isa = PBXBuildFile; fileRef = 1FB336AF13D202A8008F6E6B /* octochefAppDelegate.m */; };
		1FB336B313D202A8008F6E6B /* MainWindow.xib in Resources */ = {isa = PBXBuildFile; fileRef = 1FB336B113D202A8008F6E6B /* MainWindow.xib */; };
		1FB336B613D202A8008F6E6B /* DetailViewController.m in Sources */ = {isa = PBXBuildFile; fileRef = 1FB336B513D202A8008F6E6B /* DetailViewController.m */; };
		1FB336B913D202A8008F6E6B /* DetailView.xib in Resources */ = {isa = PBXBuildFile; fileRef = 1FB336B713D202A8008F6E6B /* DetailView.xib */; };
		1FB336BC13D202A8008F6E6B /* RootViewController.m in Sources */ = {isa = PBXBuildFile; fileRef = 1FB336BB13D202A8008F6E6B /* RootViewController.m */; };
		1FB336C313D202A8008F6E6B /* UIKit.framework in Frameworks */ = {isa = PBXBuildFile; fileRef = 1FB3369F13D202A8008F6E6B /* UIKit.framework */; };
		1FB336C413D202A8008F6E6B /* Foundation.framework in Frameworks */ = {isa = PBXBuildFile; fileRef = 1FB336A113D202A8008F6E6B /* Foundation.framework */; };
		1FB336C513D202A8008F6E6B /* CoreGraphics.framework in Frameworks */ = {isa = PBXBuildFile; fileRef = 1FB336A313D202A8008F6E6B /* CoreGraphics.framework */; };
		1FB336CD13D202A8008F6E6B /* InfoPlist.strings in Resources */ = {isa = PBXBuildFile; fileRef = 1FB336CB13D202A8008F6E6B /* InfoPlist.strings */; };
		1FB336D013D202A8008F6E6B /* octochefTests.h in Resources */ = {isa = PBXBuildFile; fileRef = 1FB336CF13D202A8008F6E6B /* octochefTests.h */; };
		1FB336D213D202A8008F6E6B /* octochefTests.m in Sources */ = {isa = PBXBuildFile; fileRef = 1FB336D113D202A8008F6E6B /* octochefTests.m */; };
		1FD009B913D2271E00ED2478 /* LoginViewController.m in Sources */ = {isa = PBXBuildFile; fileRef = 1FD009B713D2271E00ED2478 /* LoginViewController.m */; };
		1FD009BA13D2271E00ED2478 /* LoginViewController.m in Sources */ = {isa = PBXBuildFile; fileRef = 1FD009B713D2271E00ED2478 /* LoginViewController.m */; };
		1FD009BB13D2271E00ED2478 /* LoginViewController.xib in Resources */ = {isa = PBXBuildFile; fileRef = 1FD009B813D2271E00ED2478 /* LoginViewController.xib */; };
		1FD009BC13D2271E00ED2478 /* LoginViewController.xib in Resources */ = {isa = PBXBuildFile; fileRef = 1FD009B813D2271E00ED2478 /* LoginViewController.xib */; };
		1FD009BF13D2316D00ED2478 /* octochef.png in Resources */ = {isa = PBXBuildFile; fileRef = 1FD009BE13D2316D00ED2478 /* octochef.png */; };
		1FD009C113D2347400ED2478 /* background.jpg in Resources */ = {isa = PBXBuildFile; fileRef = 1FD009C013D2347400ED2478 /* background.jpg */; };
		1FD009C313D23A2D00ED2478 /* title.png in Resources */ = {isa = PBXBuildFile; fileRef = 1FD009C213D23A2D00ED2478 /* title.png */; };
		9498887513D211950072506F /* libRestKitJSONParserJSONKit.a in Frameworks */ = {isa = PBXBuildFile; fileRef = 9498887113D211950072506F /* libRestKitJSONParserJSONKit.a */; };
		9498887613D211950072506F /* libRestKitNetwork.a in Frameworks */ = {isa = PBXBuildFile; fileRef = 9498887213D211950072506F /* libRestKitNetwork.a */; };
		9498887713D211950072506F /* libRestKitObjectMapping.a in Frameworks */ = {isa = PBXBuildFile; fileRef = 9498887313D211950072506F /* libRestKitObjectMapping.a */; };
		9498887813D211950072506F /* libRestKitSupport.a in Frameworks */ = {isa = PBXBuildFile; fileRef = 9498887413D211950072506F /* libRestKitSupport.a */; };
		9498887C13D211950072506F /* CFNetwork.framework in Frameworks */ = {isa = PBXBuildFile; fileRef = 9498887913D211950072506F /* CFNetwork.framework */; };
		9498887D13D211950072506F /* MobileCoreServices.framework in Frameworks */ = {isa = PBXBuildFile; fileRef = 9498887A13D211950072506F /* MobileCoreServices.framework */; };
		9498887E13D211950072506F /* SystemConfiguration.framework in Frameworks */ = {isa = PBXBuildFile; fileRef = 9498887B13D211950072506F /* SystemConfiguration.framework */; };
/* End PBXBuildFile section */

/* Begin PBXContainerItemProxy section */
		1FB336C613D202A8008F6E6B /* PBXContainerItemProxy */ = {
			isa = PBXContainerItemProxy;
			containerPortal = 1FB3369213D202A8008F6E6B /* Project object */;
			proxyType = 1;
			remoteGlobalIDString = 1FB3369A13D202A8008F6E6B;
			remoteInfo = octochef;
		};
		9498885B13D210120072506F /* PBXContainerItemProxy */ = {
			isa = PBXContainerItemProxy;
			containerPortal = 9498884713D210110072506F /* RestKit.xcodeproj */;
			proxyType = 2;
			remoteGlobalIDString = 253A07FC1255161B00976E89;
			remoteInfo = RestKitNetwork;
		};
		9498885D13D210120072506F /* PBXContainerItemProxy */ = {
			isa = PBXContainerItemProxy;
			containerPortal = 9498884713D210110072506F /* RestKit.xcodeproj */;
			proxyType = 2;
			remoteGlobalIDString = 253A08031255162C00976E89;
			remoteInfo = RestKitObjectMapping;
		};
		9498885F13D210120072506F /* PBXContainerItemProxy */ = {
			isa = PBXContainerItemProxy;
			containerPortal = 9498884713D210110072506F /* RestKit.xcodeproj */;
			proxyType = 2;
			remoteGlobalIDString = 253A080C12551D3000976E89;
			remoteInfo = RestKitSupport;
		};
		9498886113D210120072506F /* PBXContainerItemProxy */ = {
			isa = PBXContainerItemProxy;
			containerPortal = 9498884713D210110072506F /* RestKit.xcodeproj */;
			proxyType = 2;
			remoteGlobalIDString = 2590E64F125231F600531FA8;
			remoteInfo = "RestKitJSONParser+YAJL";
		};
		9498886313D210120072506F /* PBXContainerItemProxy */ = {
			isa = PBXContainerItemProxy;
			containerPortal = 9498884713D210110072506F /* RestKit.xcodeproj */;
			proxyType = 2;
			remoteGlobalIDString = 2590E66B1252353700531FA8;
			remoteInfo = "RestKitJSONParser+SBJSON";
		};
		9498886513D210120072506F /* PBXContainerItemProxy */ = {
			isa = PBXContainerItemProxy;
			containerPortal = 9498884713D210110072506F /* RestKit.xcodeproj */;
			proxyType = 2;
			remoteGlobalIDString = 73057FD11331AD2E001908EE;
			remoteInfo = "RestKitJSONParser+JSONKit";
		};
		9498886713D210120072506F /* PBXContainerItemProxy */ = {
			isa = PBXContainerItemProxy;
			containerPortal = 9498884713D210110072506F /* RestKit.xcodeproj */;
			proxyType = 2;
			remoteGlobalIDString = 25BD43BD1340315800DBACDD;
			remoteInfo = "RestKitXMLParser+Libxml";
		};
		9498886913D210120072506F /* PBXContainerItemProxy */ = {
			isa = PBXContainerItemProxy;
			containerPortal = 9498884713D210110072506F /* RestKit.xcodeproj */;
			proxyType = 2;
			remoteGlobalIDString = 253A081412551D5300976E89;
			remoteInfo = RestKitCoreData;
		};
		9498886B13D210120072506F /* PBXContainerItemProxy */ = {
			isa = PBXContainerItemProxy;
			containerPortal = 9498884713D210110072506F /* RestKit.xcodeproj */;
			proxyType = 2;
			remoteGlobalIDString = 2523360511E79F090048F9B4;
			remoteInfo = RestKitThree20;
		};
		9498886D13D210120072506F /* PBXContainerItemProxy */ = {
			isa = PBXContainerItemProxy;
			containerPortal = 9498884713D210110072506F /* RestKit.xcodeproj */;
			proxyType = 2;
			remoteGlobalIDString = 3F6C39A510FE5C95008F47C5;
			remoteInfo = UISpec;
		};
		9498886F13D211110072506F /* PBXContainerItemProxy */ = {
			isa = PBXContainerItemProxy;
			containerPortal = 9498884713D210110072506F /* RestKit.xcodeproj */;
			proxyType = 1;
			remoteGlobalIDString = 255B7588133BABBF00ED76AD;
			remoteInfo = RestKit;
		};
/* End PBXContainerItemProxy section */

/* Begin PBXFileReference section */
		1FB3369B13D202A8008F6E6B /* octochef.app */ = {isa = PBXFileReference; explicitFileType = wrapper.application; includeInIndex = 0; path = octochef.app; sourceTree = BUILT_PRODUCTS_DIR; };
		1FB3369F13D202A8008F6E6B /* UIKit.framework */ = {isa = PBXFileReference; lastKnownFileType = wrapper.framework; name = UIKit.framework; path = System/Library/Frameworks/UIKit.framework; sourceTree = SDKROOT; };
		1FB336A113D202A8008F6E6B /* Foundation.framework */ = {isa = PBXFileReference; lastKnownFileType = wrapper.framework; name = Foundation.framework; path = System/Library/Frameworks/Foundation.framework; sourceTree = SDKROOT; };
		1FB336A313D202A8008F6E6B /* CoreGraphics.framework */ = {isa = PBXFileReference; lastKnownFileType = wrapper.framework; name = CoreGraphics.framework; path = System/Library/Frameworks/CoreGraphics.framework; sourceTree = SDKROOT; };
		1FB336A713D202A8008F6E6B /* octochef-Info.plist */ = {isa = PBXFileReference; lastKnownFileType = text.plist.xml; path = "octochef-Info.plist"; sourceTree = "<group>"; };
		1FB336A913D202A8008F6E6B /* en */ = {isa = PBXFileReference; lastKnownFileType = text.plist.strings; name = en; path = en.lproj/InfoPlist.strings; sourceTree = "<group>"; };
		1FB336AB13D202A8008F6E6B /* octochef-Prefix.pch */ = {isa = PBXFileReference; lastKnownFileType = sourcecode.c.h; path = "octochef-Prefix.pch"; sourceTree = "<group>"; };
		1FB336AC13D202A8008F6E6B /* main.m */ = {isa = PBXFileReference; lastKnownFileType = sourcecode.c.objc; path = main.m; sourceTree = "<group>"; };
		1FB336AE13D202A8008F6E6B /* octochefAppDelegate.h */ = {isa = PBXFileReference; lastKnownFileType = sourcecode.c.h; path = octochefAppDelegate.h; sourceTree = "<group>"; };
		1FB336AF13D202A8008F6E6B /* octochefAppDelegate.m */ = {isa = PBXFileReference; lastKnownFileType = sourcecode.c.objc; path = octochefAppDelegate.m; sourceTree = "<group>"; };
		1FB336B213D202A8008F6E6B /* en */ = {isa = PBXFileReference; lastKnownFileType = file.xib; name = en; path = en.lproj/MainWindow.xib; sourceTree = "<group>"; };
		1FB336B413D202A8008F6E6B /* DetailViewController.h */ = {isa = PBXFileReference; lastKnownFileType = sourcecode.c.h; path = DetailViewController.h; sourceTree = "<group>"; };
		1FB336B513D202A8008F6E6B /* DetailViewController.m */ = {isa = PBXFileReference; lastKnownFileType = sourcecode.c.objc; path = DetailViewController.m; sourceTree = "<group>"; };
		1FB336B813D202A8008F6E6B /* en */ = {isa = PBXFileReference; lastKnownFileType = file.xib; name = en; path = en.lproj/DetailView.xib; sourceTree = "<group>"; };
		1FB336BA13D202A8008F6E6B /* RootViewController.h */ = {isa = PBXFileReference; lastKnownFileType = sourcecode.c.h; path = RootViewController.h; sourceTree = "<group>"; };
		1FB336BB13D202A8008F6E6B /* RootViewController.m */ = {isa = PBXFileReference; lastKnownFileType = sourcecode.c.objc; path = RootViewController.m; sourceTree = "<group>"; };
		1FB336C213D202A8008F6E6B /* octochefTests.octest */ = {isa = PBXFileReference; explicitFileType = wrapper.cfbundle; includeInIndex = 0; path = octochefTests.octest; sourceTree = BUILT_PRODUCTS_DIR; };
		1FB336CA13D202A8008F6E6B /* octochefTests-Info.plist */ = {isa = PBXFileReference; lastKnownFileType = text.plist.xml; path = "octochefTests-Info.plist"; sourceTree = "<group>"; };
		1FB336CC13D202A8008F6E6B /* en */ = {isa = PBXFileReference; lastKnownFileType = text.plist.strings; name = en; path = en.lproj/InfoPlist.strings; sourceTree = "<group>"; };
		1FB336CE13D202A8008F6E6B /* octochefTests-Prefix.pch */ = {isa = PBXFileReference; lastKnownFileType = sourcecode.c.h; path = "octochefTests-Prefix.pch"; sourceTree = "<group>"; };
		1FB336CF13D202A8008F6E6B /* octochefTests.h */ = {isa = PBXFileReference; lastKnownFileType = sourcecode.c.h; path = octochefTests.h; sourceTree = "<group>"; };
		1FB336D113D202A8008F6E6B /* octochefTests.m */ = {isa = PBXFileReference; lastKnownFileType = sourcecode.c.objc; path = octochefTests.m; sourceTree = "<group>"; };
		1FD009B613D2271E00ED2478 /* LoginViewController.h */ = {isa = PBXFileReference; fileEncoding = 4; lastKnownFileType = sourcecode.c.h; path = LoginViewController.h; sourceTree = "<group>"; };
		1FD009B713D2271E00ED2478 /* LoginViewController.m */ = {isa = PBXFileReference; fileEncoding = 4; lastKnownFileType = sourcecode.c.objc; path = LoginViewController.m; sourceTree = "<group>"; };
		1FD009B813D2271E00ED2478 /* LoginViewController.xib */ = {isa = PBXFileReference; fileEncoding = 4; lastKnownFileType = file.xib; path = LoginViewController.xib; sourceTree = "<group>"; };
		1FD009BE13D2316D00ED2478 /* octochef.png */ = {isa = PBXFileReference; lastKnownFileType = image.png; path = octochef.png; sourceTree = "<group>"; };
		1FD009C013D2347400ED2478 /* background.jpg */ = {isa = PBXFileReference; lastKnownFileType = image.jpeg; path = background.jpg; sourceTree = "<group>"; };
		1FD009C213D23A2D00ED2478 /* title.png */ = {isa = PBXFileReference; lastKnownFileType = image.png; path = title.png; sourceTree = "<group>"; };
		1FD009C713D2506100ED2478 /* LoginDelegate.h */ = {isa = PBXFileReference; fileEncoding = 4; lastKnownFileType = sourcecode.c.h; path = LoginDelegate.h; sourceTree = "<group>"; };
		9498884713D210110072506F /* RestKit.xcodeproj */ = {isa = PBXFileReference; lastKnownFileType = "wrapper.pb-project"; name = RestKit.xcodeproj; path = RestKit/RestKit.xcodeproj; sourceTree = "<group>"; };
		9498887113D211950072506F /* libRestKitJSONParserJSONKit.a */ = {isa = PBXFileReference; explicitFileType = archive.ar; path = libRestKitJSONParserJSONKit.a; sourceTree = SOURCE_ROOT; };
		9498887213D211950072506F /* libRestKitNetwork.a */ = {isa = PBXFileReference; explicitFileType = archive.ar; path = libRestKitNetwork.a; sourceTree = SOURCE_ROOT; };
		9498887313D211950072506F /* libRestKitObjectMapping.a */ = {isa = PBXFileReference; explicitFileType = archive.ar; path = libRestKitObjectMapping.a; sourceTree = SOURCE_ROOT; };
		9498887413D211950072506F /* libRestKitSupport.a */ = {isa = PBXFileReference; explicitFileType = archive.ar; path = libRestKitSupport.a; sourceTree = SOURCE_ROOT; };
		9498887913D211950072506F /* CFNetwork.framework */ = {isa = PBXFileReference; lastKnownFileType = wrapper.framework; name = CFNetwork.framework; path = System/Library/Frameworks/CFNetwork.framework; sourceTree = SDKROOT; };
		9498887A13D211950072506F /* MobileCoreServices.framework */ = {isa = PBXFileReference; lastKnownFileType = wrapper.framework; name = MobileCoreServices.framework; path = System/Library/Frameworks/MobileCoreServices.framework; sourceTree = SDKROOT; };
		9498887B13D211950072506F /* SystemConfiguration.framework */ = {isa = PBXFileReference; lastKnownFileType = wrapper.framework; name = SystemConfiguration.framework; path = System/Library/Frameworks/SystemConfiguration.framework; sourceTree = SDKROOT; };
		9498887F13D211BD0072506F /* libxml2.dylib */ = {isa = PBXFileReference; lastKnownFileType = "compiled.mach-o.dylib"; name = libxml2.dylib; path = usr/lib/libxml2.dylib; sourceTree = SDKROOT; };
/* End PBXFileReference section */

/* Begin PBXFrameworksBuildPhase section */
		1FB3369813D202A8008F6E6B /* Frameworks */ = {
			isa = PBXFrameworksBuildPhase;
			buildActionMask = 2147483647;
			files = (
				9498887C13D211950072506F /* CFNetwork.framework in Frameworks */,
				9498887D13D211950072506F /* MobileCoreServices.framework in Frameworks */,
				9498887E13D211950072506F /* SystemConfiguration.framework in Frameworks */,
				9498887513D211950072506F /* libRestKitJSONParserJSONKit.a in Frameworks */,
				9498887613D211950072506F /* libRestKitNetwork.a in Frameworks */,
				9498887713D211950072506F /* libRestKitObjectMapping.a in Frameworks */,
				9498887813D211950072506F /* libRestKitSupport.a in Frameworks */,
				1FB336A013D202A8008F6E6B /* UIKit.framework in Frameworks */,
				1FB336A213D202A8008F6E6B /* Foundation.framework in Frameworks */,
				1FB336A413D202A8008F6E6B /* CoreGraphics.framework in Frameworks */,
			);
			runOnlyForDeploymentPostprocessing = 0;
		};
		1FB336BE13D202A8008F6E6B /* Frameworks */ = {
			isa = PBXFrameworksBuildPhase;
			buildActionMask = 2147483647;
			files = (
				1FB336C313D202A8008F6E6B /* UIKit.framework in Frameworks */,
				1FB336C413D202A8008F6E6B /* Foundation.framework in Frameworks */,
				1FB336C513D202A8008F6E6B /* CoreGraphics.framework in Frameworks */,
			);
			runOnlyForDeploymentPostprocessing = 0;
		};
/* End PBXFrameworksBuildPhase section */

/* Begin PBXGroup section */
		1FB3369013D202A8008F6E6B = {
			isa = PBXGroup;
			children = (
				9498884713D210110072506F /* RestKit.xcodeproj */,
				1FB336A513D202A8008F6E6B /* octochef */,
				1FB336C813D202A8008F6E6B /* octochefTests */,
				1FB3369E13D202A8008F6E6B /* Frameworks */,
				1FB3369C13D202A8008F6E6B /* Products */,
			);
			sourceTree = "<group>";
		};
		1FB3369C13D202A8008F6E6B /* Products */ = {
			isa = PBXGroup;
			children = (
				1FB3369B13D202A8008F6E6B /* octochef.app */,
				1FB336C213D202A8008F6E6B /* octochefTests.octest */,
			);
			name = Products;
			sourceTree = "<group>";
		};
		1FB3369E13D202A8008F6E6B /* Frameworks */ = {
			isa = PBXGroup;
			children = (
				9498887F13D211BD0072506F /* libxml2.dylib */,
				9498887413D211950072506F /* libRestKitSupport.a */,
				9498887313D211950072506F /* libRestKitObjectMapping.a */,
				9498887213D211950072506F /* libRestKitNetwork.a */,
				9498887113D211950072506F /* libRestKitJSONParserJSONKit.a */,
				9498887B13D211950072506F /* SystemConfiguration.framework */,
				9498887A13D211950072506F /* MobileCoreServices.framework */,
				9498887913D211950072506F /* CFNetwork.framework */,
				1FB3369F13D202A8008F6E6B /* UIKit.framework */,
				1FB336A113D202A8008F6E6B /* Foundation.framework */,
				1FB336A313D202A8008F6E6B /* CoreGraphics.framework */,
			);
			name = Frameworks;
			sourceTree = "<group>";
		};
		1FB336A513D202A8008F6E6B /* octochef */ = {
			isa = PBXGroup;
			children = (
				1FD009C613D23E5700ED2478 /* Nibs */,
				1FD009C513D23E4100ED2478 /* Images */,
				1FB336AE13D202A8008F6E6B /* octochefAppDelegate.h */,
				1FB336AF13D202A8008F6E6B /* octochefAppDelegate.m */,
				1FB336B413D202A8008F6E6B /* DetailViewController.h */,
				1FB336B513D202A8008F6E6B /* DetailViewController.m */,
				1FB336BA13D202A8008F6E6B /* RootViewController.h */,
				1FB336BB13D202A8008F6E6B /* RootViewController.m */,
				1FD009B613D2271E00ED2478 /* LoginViewController.h */,
				1FD009B713D2271E00ED2478 /* LoginViewController.m */,
				1FB336A613D202A8008F6E6B /* Supporting Files */,
				1FD009C713D2506100ED2478 /* LoginDelegate.h */,
			);
			path = octochef;
			sourceTree = "<group>";
		};
		1FB336A613D202A8008F6E6B /* Supporting Files */ = {
			isa = PBXGroup;
			children = (
				1FB336A713D202A8008F6E6B /* octochef-Info.plist */,
				1FB336A813D202A8008F6E6B /* InfoPlist.strings */,
				1FB336AB13D202A8008F6E6B /* octochef-Prefix.pch */,
				1FB336AC13D202A8008F6E6B /* main.m */,
			);
			name = "Supporting Files";
			sourceTree = "<group>";
		};
		1FB336C813D202A8008F6E6B /* octochefTests */ = {
			isa = PBXGroup;
			children = (
				1FB336CF13D202A8008F6E6B /* octochefTests.h */,
				1FB336D113D202A8008F6E6B /* octochefTests.m */,
				1FB336C913D202A8008F6E6B /* Supporting Files */,
			);
			path = octochefTests;
			sourceTree = "<group>";
		};
		1FB336C913D202A8008F6E6B /* Supporting Files */ = {
			isa = PBXGroup;
			children = (
				1FB336CA13D202A8008F6E6B /* octochefTests-Info.plist */,
				1FB336CB13D202A8008F6E6B /* InfoPlist.strings */,
				1FB336CE13D202A8008F6E6B /* octochefTests-Prefix.pch */,
			);
			name = "Supporting Files";
			sourceTree = "<group>";
		};
		1FD009C513D23E4100ED2478 /* Images */ = {
			isa = PBXGroup;
			children = (
				1FD009C013D2347400ED2478 /* background.jpg */,
				1FD009BE13D2316D00ED2478 /* octochef.png */,
				1FD009C213D23A2D00ED2478 /* title.png */,
			);
			name = Images;
			sourceTree = "<group>";
		};
		1FD009C613D23E5700ED2478 /* Nibs */ = {
			isa = PBXGroup;
			children = (
				1FB336B113D202A8008F6E6B /* MainWindow.xib */,
				1FB336B713D202A8008F6E6B /* DetailView.xib */,
				1FD009B813D2271E00ED2478 /* LoginViewController.xib */,
			);
			name = Nibs;
			sourceTree = "<group>";
		};
		9498884813D210110072506F /* Products */ = {
			isa = PBXGroup;
			children = (
				9498885C13D210120072506F /* libRestKitNetwork.a */,
				9498885E13D210120072506F /* libRestKitObjectMapping.a */,
				9498886013D210120072506F /* libRestKitSupport.a */,
				9498886213D210120072506F /* libRestKitJSONParserYAJL.a */,
				9498886413D210120072506F /* libRestKitJSONParserSBJSON.a */,
				9498886613D210120072506F /* libRestKitJSONParserJSONKit.a */,
				9498886813D210120072506F /* libRestKitXMLParserLibxml.a */,
				9498886A13D210120072506F /* libRestKitCoreData.a */,
				9498886C13D210120072506F /* libRestKitThree20.a */,
				9498886E13D210120072506F /* UISpec.app */,
			);
			name = Products;
			sourceTree = "<group>";
		};
/* End PBXGroup section */

/* Begin PBXNativeTarget section */
		1FB3369A13D202A8008F6E6B /* octochef */ = {
			isa = PBXNativeTarget;
			buildConfigurationList = 1FB336D513D202A8008F6E6B /* Build configuration list for PBXNativeTarget "octochef" */;
			buildPhases = (
				1FB3369713D202A8008F6E6B /* Sources */,
				1FB3369813D202A8008F6E6B /* Frameworks */,
				1FB3369913D202A8008F6E6B /* Resources */,
			);
			buildRules = (
			);
			dependencies = (
				9498887013D211110072506F /* PBXTargetDependency */,
			);
			name = octochef;
			productName = octochef;
			productReference = 1FB3369B13D202A8008F6E6B /* octochef.app */;
			productType = "com.apple.product-type.application";
		};
		1FB336C113D202A8008F6E6B /* octochefTests */ = {
			isa = PBXNativeTarget;
			buildConfigurationList = 1FB336D813D202A8008F6E6B /* Build configuration list for PBXNativeTarget "octochefTests" */;
			buildPhases = (
				1FB336BD13D202A8008F6E6B /* Sources */,
				1FB336BE13D202A8008F6E6B /* Frameworks */,
				1FB336BF13D202A8008F6E6B /* Resources */,
				1FB336C013D202A8008F6E6B /* ShellScript */,
			);
			buildRules = (
			);
			dependencies = (
				1FB336C713D202A8008F6E6B /* PBXTargetDependency */,
			);
			name = octochefTests;
			productName = octochefTests;
			productReference = 1FB336C213D202A8008F6E6B /* octochefTests.octest */;
			productType = "com.apple.product-type.bundle";
		};
/* End PBXNativeTarget section */

/* Begin PBXProject section */
		1FB3369213D202A8008F6E6B /* Project object */ = {
			isa = PBXProject;
			attributes = {
				ORGANIZATIONNAME = "Widgetbox, Inc.";
			};
			buildConfigurationList = 1FB3369513D202A8008F6E6B /* Build configuration list for PBXProject "octochef" */;
			compatibilityVersion = "Xcode 3.2";
			developmentRegion = English;
			hasScannedForEncodings = 0;
			knownRegions = (
				en,
			);
			mainGroup = 1FB3369013D202A8008F6E6B;
			productRefGroup = 1FB3369C13D202A8008F6E6B /* Products */;
			projectDirPath = "";
			projectReferences = (
				{
					ProductGroup = 9498884813D210110072506F /* Products */;
					ProjectRef = 9498884713D210110072506F /* RestKit.xcodeproj */;
				},
			);
			projectRoot = "";
			targets = (
				1FB3369A13D202A8008F6E6B /* octochef */,
				1FB336C113D202A8008F6E6B /* octochefTests */,
			);
		};
/* End PBXProject section */

/* Begin PBXReferenceProxy section */
		9498885C13D210120072506F /* libRestKitNetwork.a */ = {
			isa = PBXReferenceProxy;
			fileType = archive.ar;
			path = libRestKitNetwork.a;
			remoteRef = 9498885B13D210120072506F /* PBXContainerItemProxy */;
			sourceTree = BUILT_PRODUCTS_DIR;
		};
		9498885E13D210120072506F /* libRestKitObjectMapping.a */ = {
			isa = PBXReferenceProxy;
			fileType = archive.ar;
			path = libRestKitObjectMapping.a;
			remoteRef = 9498885D13D210120072506F /* PBXContainerItemProxy */;
			sourceTree = BUILT_PRODUCTS_DIR;
		};
		9498886013D210120072506F /* libRestKitSupport.a */ = {
			isa = PBXReferenceProxy;
			fileType = archive.ar;
			path = libRestKitSupport.a;
			remoteRef = 9498885F13D210120072506F /* PBXContainerItemProxy */;
			sourceTree = BUILT_PRODUCTS_DIR;
		};
		9498886213D210120072506F /* libRestKitJSONParserYAJL.a */ = {
			isa = PBXReferenceProxy;
			fileType = archive.ar;
			path = libRestKitJSONParserYAJL.a;
			remoteRef = 9498886113D210120072506F /* PBXContainerItemProxy */;
			sourceTree = BUILT_PRODUCTS_DIR;
		};
		9498886413D210120072506F /* libRestKitJSONParserSBJSON.a */ = {
			isa = PBXReferenceProxy;
			fileType = archive.ar;
			path = libRestKitJSONParserSBJSON.a;
			remoteRef = 9498886313D210120072506F /* PBXContainerItemProxy */;
			sourceTree = BUILT_PRODUCTS_DIR;
		};
		9498886613D210120072506F /* libRestKitJSONParserJSONKit.a */ = {
			isa = PBXReferenceProxy;
			fileType = archive.ar;
			path = libRestKitJSONParserJSONKit.a;
			remoteRef = 9498886513D210120072506F /* PBXContainerItemProxy */;
			sourceTree = BUILT_PRODUCTS_DIR;
		};
		9498886813D210120072506F /* libRestKitXMLParserLibxml.a */ = {
			isa = PBXReferenceProxy;
			fileType = archive.ar;
			path = libRestKitXMLParserLibxml.a;
			remoteRef = 9498886713D210120072506F /* PBXContainerItemProxy */;
			sourceTree = BUILT_PRODUCTS_DIR;
		};
		9498886A13D210120072506F /* libRestKitCoreData.a */ = {
			isa = PBXReferenceProxy;
			fileType = archive.ar;
			path = libRestKitCoreData.a;
			remoteRef = 9498886913D210120072506F /* PBXContainerItemProxy */;
			sourceTree = BUILT_PRODUCTS_DIR;
		};
		9498886C13D210120072506F /* libRestKitThree20.a */ = {
			isa = PBXReferenceProxy;
			fileType = archive.ar;
			path = libRestKitThree20.a;
			remoteRef = 9498886B13D210120072506F /* PBXContainerItemProxy */;
			sourceTree = BUILT_PRODUCTS_DIR;
		};
		9498886E13D210120072506F /* UISpec.app */ = {
			isa = PBXReferenceProxy;
			fileType = wrapper.application;
			path = UISpec.app;
			remoteRef = 9498886D13D210120072506F /* PBXContainerItemProxy */;
			sourceTree = BUILT_PRODUCTS_DIR;
		};
/* End PBXReferenceProxy section */

/* Begin PBXResourcesBuildPhase section */
		1FB3369913D202A8008F6E6B /* Resources */ = {
			isa = PBXResourcesBuildPhase;
			buildActionMask = 2147483647;
			files = (
				1FB336AA13D202A8008F6E6B /* InfoPlist.strings in Resources */,
				1FB336B313D202A8008F6E6B /* MainWindow.xib in Resources */,
				1FB336B913D202A8008F6E6B /* DetailView.xib in Resources */,
				1FD009BB13D2271E00ED2478 /* LoginViewController.xib in Resources */,
				1FD009BF13D2316D00ED2478 /* octochef.png in Resources */,
				1FD009C113D2347400ED2478 /* background.jpg in Resources */,
				1FD009C313D23A2D00ED2478 /* title.png in Resources */,
			);
			runOnlyForDeploymentPostprocessing = 0;
		};
		1FB336BF13D202A8008F6E6B /* Resources */ = {
			isa = PBXResourcesBuildPhase;
			buildActionMask = 2147483647;
			files = (
				1FB336CD13D202A8008F6E6B /* InfoPlist.strings in Resources */,
				1FB336D013D202A8008F6E6B /* octochefTests.h in Resources */,
				1FD009BC13D2271E00ED2478 /* LoginViewController.xib in Resources */,
			);
			runOnlyForDeploymentPostprocessing = 0;
		};
/* End PBXResourcesBuildPhase section */

/* Begin PBXShellScriptBuildPhase section */
		1FB336C013D202A8008F6E6B /* ShellScript */ = {
			isa = PBXShellScriptBuildPhase;
			buildActionMask = 2147483647;
			files = (
			);
			inputPaths = (
			);
			outputPaths = (
			);
			runOnlyForDeploymentPostprocessing = 0;
			shellPath = /bin/sh;
			shellScript = "# Run the unit tests in this test bundle.\n\"${SYSTEM_DEVELOPER_DIR}/Tools/RunUnitTests\"\n";
		};
/* End PBXShellScriptBuildPhase section */

/* Begin PBXSourcesBuildPhase section */
		1FB3369713D202A8008F6E6B /* Sources */ = {
			isa = PBXSourcesBuildPhase;
			buildActionMask = 2147483647;
			files = (
				1FB336AD13D202A8008F6E6B /* main.m in Sources */,
				1FB336B013D202A8008F6E6B /* octochefAppDelegate.m in Sources */,
				1FB336B613D202A8008F6E6B /* DetailViewController.m in Sources */,
				1FB336BC13D202A8008F6E6B /* RootViewController.m in Sources */,
				1FD009B913D2271E00ED2478 /* LoginViewController.m in Sources */,
			);
			runOnlyForDeploymentPostprocessing = 0;
		};
		1FB336BD13D202A8008F6E6B /* Sources */ = {
			isa = PBXSourcesBuildPhase;
			buildActionMask = 2147483647;
			files = (
				1FB336D213D202A8008F6E6B /* octochefTests.m in Sources */,
				1FD009BA13D2271E00ED2478 /* LoginViewController.m in Sources */,
			);
			runOnlyForDeploymentPostprocessing = 0;
		};
/* End PBXSourcesBuildPhase section */

/* Begin PBXTargetDependency section */
		1FB336C713D202A8008F6E6B /* PBXTargetDependency */ = {
			isa = PBXTargetDependency;
			target = 1FB3369A13D202A8008F6E6B /* octochef */;
			targetProxy = 1FB336C613D202A8008F6E6B /* PBXContainerItemProxy */;
		};
		9498887013D211110072506F /* PBXTargetDependency */ = {
			isa = PBXTargetDependency;
			name = RestKit;
			targetProxy = 9498886F13D211110072506F /* PBXContainerItemProxy */;
		};
/* End PBXTargetDependency section */

/* Begin PBXVariantGroup section */
		1FB336A813D202A8008F6E6B /* InfoPlist.strings */ = {
			isa = PBXVariantGroup;
			children = (
				1FB336A913D202A8008F6E6B /* en */,
			);
			name = InfoPlist.strings;
			sourceTree = "<group>";
		};
		1FB336B113D202A8008F6E6B /* MainWindow.xib */ = {
			isa = PBXVariantGroup;
			children = (
				1FB336B213D202A8008F6E6B /* en */,
			);
			name = MainWindow.xib;
			sourceTree = "<group>";
		};
		1FB336B713D202A8008F6E6B /* DetailView.xib */ = {
			isa = PBXVariantGroup;
			children = (
				1FB336B813D202A8008F6E6B /* en */,
			);
			name = DetailView.xib;
			sourceTree = "<group>";
		};
		1FB336CB13D202A8008F6E6B /* InfoPlist.strings */ = {
			isa = PBXVariantGroup;
			children = (
				1FB336CC13D202A8008F6E6B /* en */,
			);
			name = InfoPlist.strings;
			sourceTree = "<group>";
		};
/* End PBXVariantGroup section */

/* Begin XCBuildConfiguration section */
		1FB336D313D202A8008F6E6B /* Debug */ = {
			isa = XCBuildConfiguration;
			buildSettings = {
				ARCHS = "$(ARCHS_UNIVERSAL_IPHONE_OS)";
				"CODE_SIGN_IDENTITY[sdk=iphoneos*]" = "iPhone Developer";
				GCC_C_LANGUAGE_STANDARD = gnu99;
				GCC_OPTIMIZATION_LEVEL = 0;
				GCC_PREPROCESSOR_DEFINITIONS = DEBUG;
				GCC_SYMBOLS_PRIVATE_EXTERN = NO;
				GCC_VERSION = com.apple.compilers.llvmgcc42;
				GCC_WARN_ABOUT_RETURN_TYPE = YES;
				GCC_WARN_UNUSED_VARIABLE = YES;
				HEADER_SEARCH_PATHS = "\"$(SOURCE_ROOT)/RestKit/Build\"";
				IPHONEOS_DEPLOYMENT_TARGET = 4.3;
				LIBRARY_SEARCH_PATHS = "\"$(SOURCE_ROOT)/RestKit/Build/$(BUILD_STYLE)-$(PLATFORM_NAME)\"";
				"OTHER_LDFLAGS[arch=*]" = (
					"-ObjC",
					"-all_load",
				);
				SDKROOT = iphoneos;
				TARGETED_DEVICE_FAMILY = 2;
			};
			name = Debug;
		};
		1FB336D413D202A8008F6E6B /* Release */ = {
			isa = XCBuildConfiguration;
			buildSettings = {
				ARCHS = "$(ARCHS_UNIVERSAL_IPHONE_OS)";
				"CODE_SIGN_IDENTITY[sdk=iphoneos*]" = "iPhone Developer";
				GCC_C_LANGUAGE_STANDARD = gnu99;
				GCC_VERSION = com.apple.compilers.llvmgcc42;
				GCC_WARN_ABOUT_RETURN_TYPE = YES;
				GCC_WARN_UNUSED_VARIABLE = YES;
				HEADER_SEARCH_PATHS = "\"$(SOURCE_ROOT)/RestKit/Build\"";
				IPHONEOS_DEPLOYMENT_TARGET = 4.3;
				LIBRARY_SEARCH_PATHS = "\"$(SOURCE_ROOT)/RestKit/Build/$(BUILD_STYLE)-$(PLATFORM_NAME)\"";
				OTHER_CFLAGS = "-DNS_BLOCK_ASSERTIONS=1";
				"OTHER_LDFLAGS[arch=*]" = (
					"-ObjC",
					"-all_load",
				);
				SDKROOT = iphoneos;
				TARGETED_DEVICE_FAMILY = 2;
			};
			name = Release;
		};
		1FB336D613D202A8008F6E6B /* Debug */ = {
			isa = XCBuildConfiguration;
			buildSettings = {
				ALWAYS_SEARCH_USER_PATHS = NO;
				COPY_PHASE_STRIP = NO;
				GCC_DYNAMIC_NO_PIC = NO;
				GCC_PRECOMPILE_PREFIX_HEADER = YES;
				GCC_PREFIX_HEADER = "octochef/octochef-Prefix.pch";
				INFOPLIST_FILE = "octochef/octochef-Info.plist";
				LIBRARY_SEARCH_PATHS = (
					"$(inherited)",
					"\"$(SRCROOT)\"",
				);
				PRODUCT_NAME = "$(TARGET_NAME)";
				WRAPPER_EXTENSION = app;
			};
			name = Debug;
		};
		1FB336D713D202A8008F6E6B /* Release */ = {
			isa = XCBuildConfiguration;
			buildSettings = {
				ALWAYS_SEARCH_USER_PATHS = NO;
				COPY_PHASE_STRIP = YES;
				GCC_PRECOMPILE_PREFIX_HEADER = YES;
				GCC_PREFIX_HEADER = "octochef/octochef-Prefix.pch";
				INFOPLIST_FILE = "octochef/octochef-Info.plist";
				LIBRARY_SEARCH_PATHS = (
					"$(inherited)",
					"\"$(SRCROOT)\"",
				);
				PRODUCT_NAME = "$(TARGET_NAME)";
				VALIDATE_PRODUCT = YES;
				WRAPPER_EXTENSION = app;
			};
			name = Release;
		};
		1FB336D913D202A8008F6E6B /* Debug */ = {
			isa = XCBuildConfiguration;
			buildSettings = {
				ALWAYS_SEARCH_USER_PATHS = NO;
				ARCHS = "$(ARCHS_STANDARD_32_BIT)";
				BUNDLE_LOADER = "$(BUILT_PRODUCTS_DIR)/octochef.app/octochef";
				FRAMEWORK_SEARCH_PATHS = (
					"$(SDKROOT)/Developer/Library/Frameworks",
					"$(DEVELOPER_LIBRARY_DIR)/Frameworks",
				);
				GCC_PRECOMPILE_PREFIX_HEADER = YES;
				GCC_PREFIX_HEADER = "octochefTests/octochefTests-Prefix.pch";
				INFOPLIST_FILE = "octochefTests/octochefTests-Info.plist";
				OTHER_LDFLAGS = (
					"-framework",
					SenTestingKit,
				);
				PRODUCT_NAME = "$(TARGET_NAME)";
				TEST_HOST = "$(BUNDLE_LOADER)";
				WRAPPER_EXTENSION = octest;
			};
			name = Debug;
		};
		1FB336DA13D202A8008F6E6B /* Release */ = {
			isa = XCBuildConfiguration;
			buildSettings = {
				ALWAYS_SEARCH_USER_PATHS = NO;
				ARCHS = "$(ARCHS_STANDARD_32_BIT)";
				BUNDLE_LOADER = "$(BUILT_PRODUCTS_DIR)/octochef.app/octochef";
				FRAMEWORK_SEARCH_PATHS = (
					"$(SDKROOT)/Developer/Library/Frameworks",
					"$(DEVELOPER_LIBRARY_DIR)/Frameworks",
				);
				GCC_PRECOMPILE_PREFIX_HEADER = YES;
				GCC_PREFIX_HEADER = "octochefTests/octochefTests-Prefix.pch";
				INFOPLIST_FILE = "octochefTests/octochefTests-Info.plist";
				OTHER_LDFLAGS = (
					"-framework",
					SenTestingKit,
				);
				PRODUCT_NAME = "$(TARGET_NAME)";
				TEST_HOST = "$(BUNDLE_LOADER)";
				WRAPPER_EXTENSION = octest;
			};
			name = Release;
		};
/* End XCBuildConfiguration section */

/* Begin XCConfigurationList section */
		1FB3369513D202A8008F6E6B /* Build configuration list for PBXProject "octochef" */ = {
			isa = XCConfigurationList;
			buildConfigurations = (
				1FB336D313D202A8008F6E6B /* Debug */,
				1FB336D413D202A8008F6E6B /* Release */,
			);
			defaultConfigurationIsVisible = 0;
			defaultConfigurationName = Release;
		};
		1FB336D513D202A8008F6E6B /* Build configuration list for PBXNativeTarget "octochef" */ = {
			isa = XCConfigurationList;
			buildConfigurations = (
				1FB336D613D202A8008F6E6B /* Debug */,
				1FB336D713D202A8008F6E6B /* Release */,
			);
			defaultConfigurationIsVisible = 0;
			defaultConfigurationName = Release;
		};
		1FB336D813D202A8008F6E6B /* Build configuration list for PBXNativeTarget "octochefTests" */ = {
			isa = XCConfigurationList;
			buildConfigurations = (
				1FB336D913D202A8008F6E6B /* Debug */,
				1FB336DA13D202A8008F6E6B /* Release */,
			);
			defaultConfigurationIsVisible = 0;
			defaultConfigurationName = Release;
		};
/* End XCConfigurationList section */
	};
	rootObject = 1FB3369213D202A8008F6E6B /* Project object */;
}
